{
  "name": "typera-idonttrustlikethat-common",
  "version": "0.1.0",
  "lockfileVersion": 1,
  "requires": true,
  "dependencies": {
    "idonttrustlikethat": {
      "version": "2.0.3",
      "resolved": "https://registry.npmjs.org/idonttrustlikethat/-/idonttrustlikethat-2.0.3.tgz",
      "integrity": "sha512-MnzzrHCLmoMtWy/cE2ZFF9Lh7CDX4LTMwxLLm4FuNh4krbxQvhXOMi+gwLOaWrGnSm/vJu3Hl8UbdaKdw22+NA=="
    },
    "typescript": {
      "version": "4.3.5",
      "resolved": "https://registry.npmjs.org/typescript/-/typescript-4.3.5.tgz",
      "integrity": "sha512-DqQgihaQ9cUrskJo9kIyW/+g0Vxsk8cDtZ52a3NGh0YNTfpUSArXSohyUGnvbPazEPLu398C0UxmKSOrPumUzA==",
      "dev": true
    }
  }
}
